
Microsoft Visual Studio Solution File, Format Version 12.00
# Visual Studio Version 16
VisualStudioVersion = 16.0.29519.87
MinimumVisualStudioVersion = 10.0.40219.1
Project("{FAE04EC0-301F-11D3-BF4B-00C04F79EFBC}") = "MReader.Core", "MReader.Core\MReader.Core.csproj", "{4962456B-96AC-466F-8390-667A3C97A1AD}"
EndProject
Global
	GlobalSection(SolutionConfigurationPlatforms) = preSolution
		Debug|Any CPU = Debug|Any CPU
		Release|Any CPU = Release|Any CPU
	EndGlobalSection
	GlobalSection(ProjectConfigurationPlatforms) = postSolution
		{4962456B-96AC-466F-8390-667A3C97A1AD}.Debug|Any CPU.ActiveCfg = Debug|Any CPU
		{4962456B-96AC-466F-8390-667A3C97A1AD}.Debug|Any CPU.Build.0 = Debug|Any CPU
		{4962456B-96AC-466F-8390-667A3C97A1AD}.Release|Any CPU.ActiveCfg = Release|Any CPU
		{4962456B-96AC-466F-8390-667A3C97A1AD}.Release|Any CPU.Build.0 = Release|Any CPU
	EndGlobalSection
	GlobalSection(SolutionProperties) = preSolution
		HideSolutionNode = FALSE
	EndGlobalSection
	GlobalSection(ExtensibilityGlobals) = postSolution
		SolutionGuid = {2F52713A-32F6-44F7-AA49-6E51D602A787}
	EndGlobalSection
EndGlobal
